// !$*UTF8*$!
{
	archiveVersion = 1;
	classes = {
	};
	objectVersion = 56;
	objects = {

/* Begin PBXBuildFile section */
		5C0341E52AAB4B20004D7E6A /* UserViewModel.swift in Sources */ = {isa = PBXBuildFile; fileRef = 5C0341E42AAB4B20004D7E6A /* UserViewModel.swift */; };
		5C0341E82AAB5729004D7E6A /* EmailInputView.swift in Sources */ = {isa = PBXBuildFile; fileRef = 5C0341E72AAB5729004D7E6A /* EmailInputView.swift */; };
		5C11A6FD2ABFE3CC0034D4FE /* AttendanceStatusView.swift in Sources */ = {isa = PBXBuildFile; fileRef = 5C11A6FC2ABFE3CC0034D4FE /* AttendanceStatusView.swift */; };
		5C11A6FF2ABFE6400034D4FE /* AttendanceStatusRowView.swift in Sources */ = {isa = PBXBuildFile; fileRef = 5C11A6FE2ABFE6400034D4FE /* AttendanceStatusRowView.swift */; };
		5C11D6F32AF773E700E19637 /* LectureViewModel.swift in Sources */ = {isa = PBXBuildFile; fileRef = 5C11D6F22AF773E700E19637 /* LectureViewModel.swift */; };
		5C4581792AC320DB0003B3B6 /* BeaconService.swift in Sources */ = {isa = PBXBuildFile; fileRef = 5C4581782AC320DB0003B3B6 /* BeaconService.swift */; };
		5C45817B2AC326470003B3B6 /* ScannedLecturesViewModel.swift in Sources */ = {isa = PBXBuildFile; fileRef = 5C45817A2AC326470003B3B6 /* ScannedLecturesViewModel.swift */; };
		5C6729382AAD871F007CA69B /* PasswordInputView.swift in Sources */ = {isa = PBXBuildFile; fileRef = 5C6729372AAD871F007CA69B /* PasswordInputView.swift */; };
		5C67293A2AAD88E7007CA69B /* PasswordFieldView.swift in Sources */ = {isa = PBXBuildFile; fileRef = 5C6729392AAD88E7007CA69B /* PasswordFieldView.swift */; };
		5C67293C2AAD8A96007CA69B /* PasswordInputStateView.swift in Sources */ = {isa = PBXBuildFile; fileRef = 5C67293B2AAD8A95007CA69B /* PasswordInputStateView.swift */; };
		5C6C89002AB69C5100F29F77 /* MainUserInfoVIew.swift in Sources */ = {isa = PBXBuildFile; fileRef = 5C6C88FF2AB69C5100F29F77 /* MainUserInfoVIew.swift */; };
		5C6C89022AB6CDE100F29F77 /* MainAttendanceCardView.swift in Sources */ = {isa = PBXBuildFile; fileRef = 5C6C89012AB6CDE100F29F77 /* MainAttendanceCardView.swift */; };
		5C6EA5512ACC575D00FC4742 /* PasswordConfirmInputStateView.swift in Sources */ = {isa = PBXBuildFile; fileRef = 5C6EA5502ACC575D00FC4742 /* PasswordConfirmInputStateView.swift */; };
		5C76F0002AA60A970074D803 /* CheckPassApp.swift in Sources */ = {isa = PBXBuildFile; fileRef = 5C76EFFF2AA60A970074D803 /* CheckPassApp.swift */; };
		5C76F0042AA60A980074D803 /* Assets.xcassets in Resources */ = {isa = PBXBuildFile; fileRef = 5C76F0032AA60A980074D803 /* Assets.xcassets */; };
		5C76F0072AA60A980074D803 /* Preview Assets.xcassets in Resources */ = {isa = PBXBuildFile; fileRef = 5C76F0062AA60A980074D803 /* Preview Assets.xcassets */; };
		5C76F00E2AA60B4F0074D803 /* GoogleService-Info.plist in Resources */ = {isa = PBXBuildFile; fileRef = 5C76F00D2AA60B4F0074D803 /* GoogleService-Info.plist */; };
		5C76F0112AA60BA90074D803 /* FirebaseAnalytics in Frameworks */ = {isa = PBXBuildFile; productRef = 5C76F0102AA60BA90074D803 /* FirebaseAnalytics */; };
		5C81B09B2ACB08D6007E8D34 /* ContentView.swift in Sources */ = {isa = PBXBuildFile; fileRef = 5C81B09A2ACB08D6007E8D34 /* ContentView.swift */; };
		5C849F452AB97A8100FCA4D0 /* UserNumberInputView.swift in Sources */ = {isa = PBXBuildFile; fileRef = 5C849F442AB97A8100FCA4D0 /* UserNumberInputView.swift */; };
		5C849F472AB97AF100FCA4D0 /* UserNameInputView.swift in Sources */ = {isa = PBXBuildFile; fileRef = 5C849F462AB97AF100FCA4D0 /* UserNameInputView.swift */; };
		5C849F492AB97B9200FCA4D0 /* UserTypeSelectionView.swift in Sources */ = {isa = PBXBuildFile; fileRef = 5C849F482AB97B9200FCA4D0 /* UserTypeSelectionView.swift */; };
		5C849F4B2AB9916C00FCA4D0 /* UserDepartmentSelectionView.swift in Sources */ = {isa = PBXBuildFile; fileRef = 5C849F4A2AB9916C00FCA4D0 /* UserDepartmentSelectionView.swift */; };
		5CABAE622AB1EFDD004501A6 /* MainView.swift in Sources */ = {isa = PBXBuildFile; fileRef = 5CABAE612AB1EFDD004501A6 /* MainView.swift */; };
		5CABAE652AB1F05A004501A6 /* SettingView.swift in Sources */ = {isa = PBXBuildFile; fileRef = 5CABAE642AB1F05A004501A6 /* SettingView.swift */; };
		5CC5C6ED2AC473E000DCF499 /* LectureListView.swift in Sources */ = {isa = PBXBuildFile; fileRef = 5CC5C6EC2AC473E000DCF499 /* LectureListView.swift */; };
		5CC5C6F02AC474B800DCF499 /* SearchView.swift in Sources */ = {isa = PBXBuildFile; fileRef = 5CC5C6EF2AC474B800DCF499 /* SearchView.swift */; };
		5CD25D6F2AAA06780037B305 /* UserRepository.swift in Sources */ = {isa = PBXBuildFile; fileRef = 5CD25D6E2AAA06780037B305 /* UserRepository.swift */; };
		5CD25D712AAA0DAC0037B305 /* FirebaseFirestore in Frameworks */ = {isa = PBXBuildFile; productRef = 5CD25D702AAA0DAC0037B305 /* FirebaseFirestore */; };
		5CD26E932AADEF0A00409606 /* UserInfoInputView.swift in Sources */ = {isa = PBXBuildFile; fileRef = 5CD26E922AADEF0A00409606 /* UserInfoInputView.swift */; };
		5CD3E4112AC5807B0028FC67 /* BeaconsRepository.swift in Sources */ = {isa = PBXBuildFile; fileRef = 5CD3E4102AC5807B0028FC67 /* BeaconsRepository.swift */; };
		5CDCC0092AA6DC90000B59E4 /* User.swift in Sources */ = {isa = PBXBuildFile; fileRef = 5CDCC0082AA6DC90000B59E4 /* User.swift */; };
		5CDCC00B2AA6DD40000B59E4 /* AuthViewModel.swift in Sources */ = {isa = PBXBuildFile; fileRef = 5CDCC00A2AA6DD40000B59E4 /* AuthViewModel.swift */; };
		5CDCC00E2AA6F46D000B59E4 /* FirebaseAuth in Frameworks */ = {isa = PBXBuildFile; productRef = 5CDCC00D2AA6F46D000B59E4 /* FirebaseAuth */; };
		5CDCC0102AA6F46D000B59E4 /* FirebaseAuthCombine-Community in Frameworks */ = {isa = PBXBuildFile; productRef = 5CDCC00F2AA6F46D000B59E4 /* FirebaseAuthCombine-Community */; };
		5CDCC0122AA6F48A000B59E4 /* AuthService.swift in Sources */ = {isa = PBXBuildFile; fileRef = 5CDCC0112AA6F48A000B59E4 /* AuthService.swift */; };
		5CDCC0142AA6F929000B59E4 /* SignInView.swift in Sources */ = {isa = PBXBuildFile; fileRef = 5CDCC0132AA6F929000B59E4 /* SignInView.swift */; };
		5CDCC0172AA6FF26000B59E4 /* MainTabView.swift in Sources */ = {isa = PBXBuildFile; fileRef = 5CDCC0162AA6FF26000B59E4 /* MainTabView.swift */; };
		5CE02B1C2AB89662008F5B44 /* UserTypePicker.swift in Sources */ = {isa = PBXBuildFile; fileRef = 5CE02B1B2AB89662008F5B44 /* UserTypePicker.swift */; };
		5CF295802AF5FA1700EF7AB9 /* FirebaseURL.swift in Sources */ = {isa = PBXBuildFile; fileRef = 5CF2957F2AF5FA1700EF7AB9 /* FirebaseURL.swift */; };
		5CF295822AF5FA8F00EF7AB9 /* AttendanceRepository.swift in Sources */ = {isa = PBXBuildFile; fileRef = 5CF295812AF5FA8F00EF7AB9 /* AttendanceRepository.swift */; };
		5CF295882AF5FAE600EF7AB9 /* AttendanceViewModel.swift in Sources */ = {isa = PBXBuildFile; fileRef = 5CF295872AF5FAE600EF7AB9 /* AttendanceViewModel.swift */; };
		5CF295962AF5FB3900EF7AB9 /* FlagView.swift in Sources */ = {isa = PBXBuildFile; fileRef = 5CF295952AF5FB3900EF7AB9 /* FlagView.swift */; };
		5CF295982AF5FB5800EF7AB9 /* ScannedLectureListRowView.swift in Sources */ = {isa = PBXBuildFile; fileRef = 5CF295972AF5FB5800EF7AB9 /* ScannedLectureListRowView.swift */; };
		5CF2959A2AF5FB7B00EF7AB9 /* ScannedLectureListView.swift in Sources */ = {isa = PBXBuildFile; fileRef = 5CF295992AF5FB7B00EF7AB9 /* ScannedLectureListView.swift */; };
		5CF2959C2AF5FBA100EF7AB9 /* SelectedLectureView.swift in Sources */ = {isa = PBXBuildFile; fileRef = 5CF2959B2AF5FBA100EF7AB9 /* SelectedLectureView.swift */; };
		5CF2959E2AF5FBC400EF7AB9 /* UserAttendanceCarView.swift in Sources */ = {isa = PBXBuildFile; fileRef = 5CF2959D2AF5FBC400EF7AB9 /* UserAttendanceCarView.swift */; };
		5CF295A02AF5FDA300EF7AB9 /* FirebaseDatabase in Frameworks */ = {isa = PBXBuildFile; productRef = 5CF2959F2AF5FDA300EF7AB9 /* FirebaseDatabase */; };
		5CF295A22AF5FDA300EF7AB9 /* FirebaseDatabaseSwift in Frameworks */ = {isa = PBXBuildFile; productRef = 5CF295A12AF5FDA300EF7AB9 /* FirebaseDatabaseSwift */; };
		5CF295A52AF61A0500EF7AB9 /* GradiantTextView.swift in Sources */ = {isa = PBXBuildFile; fileRef = 5CF295A42AF61A0500EF7AB9 /* GradiantTextView.swift */; };
		5CF62AEB2AC94B51004E13A0 /* LectureRepository.swift in Sources */ = {isa = PBXBuildFile; fileRef = 5CF62AEA2AC94B51004E13A0 /* LectureRepository.swift */; };
		5CF62AED2AC94C35004E13A0 /* Lecture.swift in Sources */ = {isa = PBXBuildFile; fileRef = 5CF62AEC2AC94C35004E13A0 /* Lecture.swift */; };
		5CF62AEF2AC95511004E13A0 /* FirebaseFirestoreSwift in Frameworks */ = {isa = PBXBuildFile; productRef = 5CF62AEE2AC95511004E13A0 /* FirebaseFirestoreSwift */; };
/* End PBXBuildFile section */

/* Begin PBXFileReference section */
		5C0341E42AAB4B20004D7E6A /* UserViewModel.swift */ = {isa = PBXFileReference; lastKnownFileType = sourcecode.swift; path = UserViewModel.swift; sourceTree = "<group>"; };
		5C0341E72AAB5729004D7E6A /* EmailInputView.swift */ = {isa = PBXFileReference; lastKnownFileType = sourcecode.swift; path = EmailInputView.swift; sourceTree = "<group>"; };
		5C11A6FC2ABFE3CC0034D4FE /* AttendanceStatusView.swift */ = {isa = PBXFileReference; lastKnownFileType = sourcecode.swift; path = AttendanceStatusView.swift; sourceTree = "<group>"; };
		5C11A6FE2ABFE6400034D4FE /* AttendanceStatusRowView.swift */ = {isa = PBXFileReference; lastKnownFileType = sourcecode.swift; path = AttendanceStatusRowView.swift; sourceTree = "<group>"; };
		5C11D6F22AF773E700E19637 /* LectureViewModel.swift */ = {isa = PBXFileReference; lastKnownFileType = sourcecode.swift; path = LectureViewModel.swift; sourceTree = "<group>"; };
		5C4581782AC320DB0003B3B6 /* BeaconService.swift */ = {isa = PBXFileReference; lastKnownFileType = sourcecode.swift; path = BeaconService.swift; sourceTree = "<group>"; };
		5C45817A2AC326470003B3B6 /* ScannedLecturesViewModel.swift */ = {isa = PBXFileReference; lastKnownFileType = sourcecode.swift; path = ScannedLecturesViewModel.swift; sourceTree = "<group>"; };
		5C6729372AAD871F007CA69B /* PasswordInputView.swift */ = {isa = PBXFileReference; lastKnownFileType = sourcecode.swift; path = PasswordInputView.swift; sourceTree = "<group>"; };
		5C6729392AAD88E7007CA69B /* PasswordFieldView.swift */ = {isa = PBXFileReference; lastKnownFileType = sourcecode.swift; path = PasswordFieldView.swift; sourceTree = "<group>"; };
		5C67293B2AAD8A95007CA69B /* PasswordInputStateView.swift */ = {isa = PBXFileReference; lastKnownFileType = sourcecode.swift; path = PasswordInputStateView.swift; sourceTree = "<group>"; };
		5C6C88FF2AB69C5100F29F77 /* MainUserInfoVIew.swift */ = {isa = PBXFileReference; lastKnownFileType = sourcecode.swift; path = MainUserInfoVIew.swift; sourceTree = "<group>"; };
		5C6C89012AB6CDE100F29F77 /* MainAttendanceCardView.swift */ = {isa = PBXFileReference; lastKnownFileType = sourcecode.swift; path = MainAttendanceCardView.swift; sourceTree = "<group>"; };
		5C6EA5502ACC575D00FC4742 /* PasswordConfirmInputStateView.swift */ = {isa = PBXFileReference; lastKnownFileType = sourcecode.swift; path = PasswordConfirmInputStateView.swift; sourceTree = "<group>"; };
		5C76EFFC2AA60A970074D803 /* CheckPass.app */ = {isa = PBXFileReference; explicitFileType = wrapper.application; includeInIndex = 0; path = CheckPass.app; sourceTree = BUILT_PRODUCTS_DIR; };
		5C76EFFF2AA60A970074D803 /* CheckPassApp.swift */ = {isa = PBXFileReference; lastKnownFileType = sourcecode.swift; path = CheckPassApp.swift; sourceTree = "<group>"; };
		5C76F0032AA60A980074D803 /* Assets.xcassets */ = {isa = PBXFileReference; lastKnownFileType = folder.assetcatalog; path = Assets.xcassets; sourceTree = "<group>"; };
		5C76F0062AA60A980074D803 /* Preview Assets.xcassets */ = {isa = PBXFileReference; lastKnownFileType = folder.assetcatalog; path = "Preview Assets.xcassets"; sourceTree = "<group>"; };
		5C76F00D2AA60B4F0074D803 /* GoogleService-Info.plist */ = {isa = PBXFileReference; fileEncoding = 4; lastKnownFileType = text.plist.xml; name = "GoogleService-Info.plist"; path = "../../../../../Downloads/GoogleService-Info.plist"; sourceTree = "<group>"; };
		5C81B09A2ACB08D6007E8D34 /* ContentView.swift */ = {isa = PBXFileReference; lastKnownFileType = sourcecode.swift; path = ContentView.swift; sourceTree = "<group>"; };
		5C849F442AB97A8100FCA4D0 /* UserNumberInputView.swift */ = {isa = PBXFileReference; lastKnownFileType = sourcecode.swift; path = UserNumberInputView.swift; sourceTree = "<group>"; };
		5C849F462AB97AF100FCA4D0 /* UserNameInputView.swift */ = {isa = PBXFileReference; lastKnownFileType = sourcecode.swift; path = UserNameInputView.swift; sourceTree = "<group>"; };
		5C849F482AB97B9200FCA4D0 /* UserTypeSelectionView.swift */ = {isa = PBXFileReference; lastKnownFileType = sourcecode.swift; path = UserTypeSelectionView.swift; sourceTree = "<group>"; };
		5C849F4A2AB9916C00FCA4D0 /* UserDepartmentSelectionView.swift */ = {isa = PBXFileReference; lastKnownFileType = sourcecode.swift; path = UserDepartmentSelectionView.swift; sourceTree = "<group>"; };
		5CABAE612AB1EFDD004501A6 /* MainView.swift */ = {isa = PBXFileReference; lastKnownFileType = sourcecode.swift; path = MainView.swift; sourceTree = "<group>"; };
		5CABAE642AB1F05A004501A6 /* SettingView.swift */ = {isa = PBXFileReference; lastKnownFileType = sourcecode.swift; path = SettingView.swift; sourceTree = "<group>"; };
		5CC5C6EC2AC473E000DCF499 /* LectureListView.swift */ = {isa = PBXFileReference; lastKnownFileType = sourcecode.swift; path = LectureListView.swift; sourceTree = "<group>"; };
		5CC5C6EF2AC474B800DCF499 /* SearchView.swift */ = {isa = PBXFileReference; lastKnownFileType = sourcecode.swift; path = SearchView.swift; sourceTree = "<group>"; };
		5CD25D6E2AAA06780037B305 /* UserRepository.swift */ = {isa = PBXFileReference; lastKnownFileType = sourcecode.swift; path = UserRepository.swift; sourceTree = "<group>"; };
		5CD26E922AADEF0A00409606 /* UserInfoInputView.swift */ = {isa = PBXFileReference; lastKnownFileType = sourcecode.swift; path = UserInfoInputView.swift; sourceTree = "<group>"; };
		5CD3E40F2AC57D340028FC67 /* Info.plist */ = {isa = PBXFileReference; lastKnownFileType = text.plist; path = Info.plist; sourceTree = "<group>"; };
		5CD3E4102AC5807B0028FC67 /* BeaconsRepository.swift */ = {isa = PBXFileReference; lastKnownFileType = sourcecode.swift; path = BeaconsRepository.swift; sourceTree = "<group>"; };
		5CDCC0082AA6DC90000B59E4 /* User.swift */ = {isa = PBXFileReference; lastKnownFileType = sourcecode.swift; path = User.swift; sourceTree = "<group>"; };
		5CDCC00A2AA6DD40000B59E4 /* AuthViewModel.swift */ = {isa = PBXFileReference; lastKnownFileType = sourcecode.swift; path = AuthViewModel.swift; sourceTree = "<group>"; };
		5CDCC0112AA6F48A000B59E4 /* AuthService.swift */ = {isa = PBXFileReference; lastKnownFileType = sourcecode.swift; path = AuthService.swift; sourceTree = "<group>"; };
		5CDCC0132AA6F929000B59E4 /* SignInView.swift */ = {isa = PBXFileReference; lastKnownFileType = sourcecode.swift; path = SignInView.swift; sourceTree = "<group>"; };
		5CDCC0162AA6FF26000B59E4 /* MainTabView.swift */ = {isa = PBXFileReference; lastKnownFileType = sourcecode.swift; path = MainTabView.swift; sourceTree = "<group>"; };
		5CE02B1B2AB89662008F5B44 /* UserTypePicker.swift */ = {isa = PBXFileReference; lastKnownFileType = sourcecode.swift; path = UserTypePicker.swift; sourceTree = "<group>"; };
		5CF2957F2AF5FA1700EF7AB9 /* FirebaseURL.swift */ = {isa = PBXFileReference; lastKnownFileType = sourcecode.swift; path = FirebaseURL.swift; sourceTree = "<group>"; };
		5CF295812AF5FA8F00EF7AB9 /* AttendanceRepository.swift */ = {isa = PBXFileReference; lastKnownFileType = sourcecode.swift; path = AttendanceRepository.swift; sourceTree = "<group>"; };
		5CF295872AF5FAE600EF7AB9 /* AttendanceViewModel.swift */ = {isa = PBXFileReference; lastKnownFileType = sourcecode.swift; path = AttendanceViewModel.swift; sourceTree = "<group>"; };
		5CF295952AF5FB3900EF7AB9 /* FlagView.swift */ = {isa = PBXFileReference; lastKnownFileType = sourcecode.swift; path = FlagView.swift; sourceTree = "<group>"; };
		5CF295972AF5FB5800EF7AB9 /* ScannedLectureListRowView.swift */ = {isa = PBXFileReference; lastKnownFileType = sourcecode.swift; path = ScannedLectureListRowView.swift; sourceTree = "<group>"; };
		5CF295992AF5FB7B00EF7AB9 /* ScannedLectureListView.swift */ = {isa = PBXFileReference; lastKnownFileType = sourcecode.swift; path = ScannedLectureListView.swift; sourceTree = "<group>"; };
		5CF2959B2AF5FBA100EF7AB9 /* SelectedLectureView.swift */ = {isa = PBXFileReference; lastKnownFileType = sourcecode.swift; path = SelectedLectureView.swift; sourceTree = "<group>"; };
		5CF2959D2AF5FBC400EF7AB9 /* UserAttendanceCarView.swift */ = {isa = PBXFileReference; lastKnownFileType = sourcecode.swift; path = UserAttendanceCarView.swift; sourceTree = "<group>"; };
		5CF295A42AF61A0500EF7AB9 /* GradiantTextView.swift */ = {isa = PBXFileReference; lastKnownFileType = sourcecode.swift; path = GradiantTextView.swift; sourceTree = "<group>"; };
		5CF62AEA2AC94B51004E13A0 /* LectureRepository.swift */ = {isa = PBXFileReference; lastKnownFileType = sourcecode.swift; path = LectureRepository.swift; sourceTree = "<group>"; };
		5CF62AEC2AC94C35004E13A0 /* Lecture.swift */ = {isa = PBXFileReference; lastKnownFileType = sourcecode.swift; path = Lecture.swift; sourceTree = "<group>"; };
/* End PBXFileReference section */

/* Begin PBXFrameworksBuildPhase section */
		5C76EFF92AA60A970074D803 /* Frameworks */ = {
			isa = PBXFrameworksBuildPhase;
			buildActionMask = 2147483647;
			files = (
				5CF295A22AF5FDA300EF7AB9 /* FirebaseDatabaseSwift in Frameworks */,
				5CF295A02AF5FDA300EF7AB9 /* FirebaseDatabase in Frameworks */,
				5CF62AEF2AC95511004E13A0 /* FirebaseFirestoreSwift in Frameworks */,
				5C76F0112AA60BA90074D803 /* FirebaseAnalytics in Frameworks */,
				5CD25D712AAA0DAC0037B305 /* FirebaseFirestore in Frameworks */,
				5CDCC0102AA6F46D000B59E4 /* FirebaseAuthCombine-Community in Frameworks */,
				5CDCC00E2AA6F46D000B59E4 /* FirebaseAuth in Frameworks */,
			);
			runOnlyForDeploymentPostprocessing = 0;
		};
/* End PBXFrameworksBuildPhase section */

/* Begin PBXGroup section */
		5C0341E62AAB571D004D7E6A /* SignUpView */ = {
			isa = PBXGroup;
			children = (
				5C0341E72AAB5729004D7E6A /* EmailInputView.swift */,
				5C6729372AAD871F007CA69B /* PasswordInputView.swift */,
				5C6729392AAD88E7007CA69B /* PasswordFieldView.swift */,
				5C67293B2AAD8A95007CA69B /* PasswordInputStateView.swift */,
				5CD26E922AADEF0A00409606 /* UserInfoInputView.swift */,
				5CE02B1B2AB89662008F5B44 /* UserTypePicker.swift */,
				5C849F442AB97A8100FCA4D0 /* UserNumberInputView.swift */,
				5C849F462AB97AF100FCA4D0 /* UserNameInputView.swift */,
				5C849F482AB97B9200FCA4D0 /* UserTypeSelectionView.swift */,
				5C849F4A2AB9916C00FCA4D0 /* UserDepartmentSelectionView.swift */,
				5C6EA5502ACC575D00FC4742 /* PasswordConfirmInputStateView.swift */,
			);
			path = SignUpView;
			sourceTree = "<group>";
		};
		5C6DD8C12ABA7B5D00F403D5 /* Repositories */ = {
			isa = PBXGroup;
			children = (
				5CD25D6E2AAA06780037B305 /* UserRepository.swift */,
				5CD3E4102AC5807B0028FC67 /* BeaconsRepository.swift */,
				5CF62AEA2AC94B51004E13A0 /* LectureRepository.swift */,
				5CF295812AF5FA8F00EF7AB9 /* AttendanceRepository.swift */,
			);
			path = Repositories;
			sourceTree = "<group>";
		};
		5C6DD8C22ABA822300F403D5 /* Services */ = {
			isa = PBXGroup;
			children = (
				5CDCC0112AA6F48A000B59E4 /* AuthService.swift */,
				5C4581782AC320DB0003B3B6 /* BeaconService.swift */,
			);
			path = Services;
			sourceTree = "<group>";
		};
		5C76EFF32AA60A970074D803 = {
			isa = PBXGroup;
			children = (
				5C76EFFE2AA60A970074D803 /* CheckPass */,
				5C76EFFD2AA60A970074D803 /* Products */,
				5CDCC00C2AA6F46D000B59E4 /* Frameworks */,
			);
			sourceTree = "<group>";
		};
		5C76EFFD2AA60A970074D803 /* Products */ = {
			isa = PBXGroup;
			children = (
				5C76EFFC2AA60A970074D803 /* CheckPass.app */,
			);
			name = Products;
			sourceTree = "<group>";
		};
		5C76EFFE2AA60A970074D803 /* CheckPass */ = {
			isa = PBXGroup;
			children = (
				5CD3E40F2AC57D340028FC67 /* Info.plist */,
				5C6DD8C22ABA822300F403D5 /* Services */,
				5C6DD8C12ABA7B5D00F403D5 /* Repositories */,
				5CDCC0062AA6DC7D000B59E4 /* Model */,
				5CDCC0052AA6DC77000B59E4 /* ViewModel */,
				5CDCC0042AA6DC6C000B59E4 /* View */,
				5C76EFFF2AA60A970074D803 /* CheckPassApp.swift */,
				5C81B09A2ACB08D6007E8D34 /* ContentView.swift */,
				5C76F0032AA60A980074D803 /* Assets.xcassets */,
				5C76F00D2AA60B4F0074D803 /* GoogleService-Info.plist */,
				5C76F0052AA60A980074D803 /* Preview Content */,
				5CF2957F2AF5FA1700EF7AB9 /* FirebaseURL.swift */,
			);
			path = CheckPass;
			sourceTree = "<group>";
		};
		5C76F0052AA60A980074D803 /* Preview Content */ = {
			isa = PBXGroup;
			children = (
				5C76F0062AA60A980074D803 /* Preview Assets.xcassets */,
			);
			path = "Preview Content";
			sourceTree = "<group>";
		};
		5C819FF12AA730BA001A5730 /* SignInView */ = {
			isa = PBXGroup;
			children = (
				5CDCC0132AA6F929000B59E4 /* SignInView.swift */,
			);
			path = SignInView;
			sourceTree = "<group>";
		};
		5CABAE632AB1F04E004501A6 /* SettingView */ = {
			isa = PBXGroup;
			children = (
				5CABAE642AB1F05A004501A6 /* SettingView.swift */,
			);
			path = SettingView;
			sourceTree = "<group>";
		};
		5CC5C6EB2AC473B300DCF499 /* LectureListView */ = {
			isa = PBXGroup;
			children = (
				5CC5C6EC2AC473E000DCF499 /* LectureListView.swift */,
			);
			path = LectureListView;
			sourceTree = "<group>";
		};
		5CC5C6EE2AC474A800DCF499 /* SearchView */ = {
			isa = PBXGroup;
			children = (
				5CC5C6EF2AC474B800DCF499 /* SearchView.swift */,
			);
			path = SearchView;
			sourceTree = "<group>";
		};
		5CDCC0042AA6DC6C000B59E4 /* View */ = {
			isa = PBXGroup;
			children = (
				5CF295A32AF60AFF00EF7AB9 /* ButtonView */,
				5CF295942AF5FB2200EF7AB9 /* BeaconAttendanceView */,
				5CC5C6EE2AC474A800DCF499 /* SearchView */,
				5CC5C6EB2AC473B300DCF499 /* LectureListView */,
				5CABAE632AB1F04E004501A6 /* SettingView */,
				5C0341E62AAB571D004D7E6A /* SignUpView */,
				5C819FF12AA730BA001A5730 /* SignInView */,
				5CDCC0152AA6FF17000B59E4 /* MainView */,
			);
			path = View;
			sourceTree = "<group>";
		};
		5CDCC0052AA6DC77000B59E4 /* ViewModel */ = {
			isa = PBXGroup;
			children = (
				5CDCC00A2AA6DD40000B59E4 /* AuthViewModel.swift */,
				5C0341E42AAB4B20004D7E6A /* UserViewModel.swift */,
				5C45817A2AC326470003B3B6 /* ScannedLecturesViewModel.swift */,
				5CF295872AF5FAE600EF7AB9 /* AttendanceViewModel.swift */,
				5C11D6F22AF773E700E19637 /* LectureViewModel.swift */,
			);
			path = ViewModel;
			sourceTree = "<group>";
		};
		5CDCC0062AA6DC7D000B59E4 /* Model */ = {
			isa = PBXGroup;
			children = (
				5CDCC0082AA6DC90000B59E4 /* User.swift */,
				5CF62AEC2AC94C35004E13A0 /* Lecture.swift */,
			);
			path = Model;
			sourceTree = "<group>";
		};
		5CDCC00C2AA6F46D000B59E4 /* Frameworks */ = {
			isa = PBXGroup;
			children = (
			);
			name = Frameworks;
			sourceTree = "<group>";
		};
		5CDCC0152AA6FF17000B59E4 /* MainView */ = {
			isa = PBXGroup;
			children = (
				5CDCC0162AA6FF26000B59E4 /* MainTabView.swift */,
				5CABAE612AB1EFDD004501A6 /* MainView.swift */,
				5C6C88FF2AB69C5100F29F77 /* MainUserInfoVIew.swift */,
				5C6C89012AB6CDE100F29F77 /* MainAttendanceCardView.swift */,
				5C11A6FC2ABFE3CC0034D4FE /* AttendanceStatusView.swift */,
				5C11A6FE2ABFE6400034D4FE /* AttendanceStatusRowView.swift */,
			);
			path = MainView;
			sourceTree = "<group>";
		};
		5CF295942AF5FB2200EF7AB9 /* BeaconAttendanceView */ = {
			isa = PBXGroup;
			children = (
				5CF295952AF5FB3900EF7AB9 /* FlagView.swift */,
				5CF295972AF5FB5800EF7AB9 /* ScannedLectureListRowView.swift */,
				5CF295992AF5FB7B00EF7AB9 /* ScannedLectureListView.swift */,
				5CF2959B2AF5FBA100EF7AB9 /* SelectedLectureView.swift */,
				5CF2959D2AF5FBC400EF7AB9 /* UserAttendanceCarView.swift */,
			);
			path = BeaconAttendanceView;
			sourceTree = "<group>";
		};
		5CF295A32AF60AFF00EF7AB9 /* ButtonView */ = {
			isa = PBXGroup;
			children = (
				5CF295A42AF61A0500EF7AB9 /* GradiantTextView.swift */,
			);
			path = ButtonView;
			sourceTree = "<group>";
		};
/* End PBXGroup section */

/* Begin PBXNativeTarget section */
		5C76EFFB2AA60A970074D803 /* CheckPass */ = {
			isa = PBXNativeTarget;
			buildConfigurationList = 5C76F00A2AA60A980074D803 /* Build configuration list for PBXNativeTarget "CheckPass" */;
			buildPhases = (
				5C76EFF82AA60A970074D803 /* Sources */,
				5C76EFF92AA60A970074D803 /* Frameworks */,
				5C76EFFA2AA60A970074D803 /* Resources */,
			);
			buildRules = (
			);
			dependencies = (
			);
			name = CheckPass;
			packageProductDependencies = (
				5C76F0102AA60BA90074D803 /* FirebaseAnalytics */,
				5CDCC00D2AA6F46D000B59E4 /* FirebaseAuth */,
				5CDCC00F2AA6F46D000B59E4 /* FirebaseAuthCombine-Community */,
				5CD25D702AAA0DAC0037B305 /* FirebaseFirestore */,
				5CF62AEE2AC95511004E13A0 /* FirebaseFirestoreSwift */,
				5CF2959F2AF5FDA300EF7AB9 /* FirebaseDatabase */,
				5CF295A12AF5FDA300EF7AB9 /* FirebaseDatabaseSwift */,
			);
			productName = CheckPass;
			productReference = 5C76EFFC2AA60A970074D803 /* CheckPass.app */;
			productType = "com.apple.product-type.application";
		};
/* End PBXNativeTarget section */

/* Begin PBXProject section */
		5C76EFF42AA60A970074D803 /* Project object */ = {
			isa = PBXProject;
			attributes = {
				BuildIndependentTargetsInParallel = 1;
				LastSwiftUpdateCheck = 1430;
				LastUpgradeCheck = 1430;
				TargetAttributes = {
					5C76EFFB2AA60A970074D803 = {
						CreatedOnToolsVersion = 14.3.1;
					};
				};
			};
			buildConfigurationList = 5C76EFF72AA60A970074D803 /* Build configuration list for PBXProject "CheckPass" */;
			compatibilityVersion = "Xcode 14.0";
			developmentRegion = en;
			hasScannedForEncodings = 0;
			knownRegions = (
				en,
				Base,
			);
			mainGroup = 5C76EFF32AA60A970074D803;
			packageReferences = (
				5C76F00F2AA60BA90074D803 /* XCRemoteSwiftPackageReference "firebase-ios-sdk" */,
			);
			productRefGroup = 5C76EFFD2AA60A970074D803 /* Products */;
			projectDirPath = "";
			projectRoot = "";
			targets = (
				5C76EFFB2AA60A970074D803 /* CheckPass */,
			);
		};
/* End PBXProject section */

/* Begin PBXResourcesBuildPhase section */
		5C76EFFA2AA60A970074D803 /* Resources */ = {
			isa = PBXResourcesBuildPhase;
			buildActionMask = 2147483647;
			files = (
				5C76F0072AA60A980074D803 /* Preview Assets.xcassets in Resources */,
				5C76F0042AA60A980074D803 /* Assets.xcassets in Resources */,
				5C76F00E2AA60B4F0074D803 /* GoogleService-Info.plist in Resources */,
			);
			runOnlyForDeploymentPostprocessing = 0;
		};
/* End PBXResourcesBuildPhase section */

/* Begin PBXSourcesBuildPhase section */
		5C76EFF82AA60A970074D803 /* Sources */ = {
			isa = PBXSourcesBuildPhase;
			buildActionMask = 2147483647;
			files = (
				5CDCC0142AA6F929000B59E4 /* SignInView.swift in Sources */,
				5CDCC0172AA6FF26000B59E4 /* MainTabView.swift in Sources */,
				5CDCC00B2AA6DD40000B59E4 /* AuthViewModel.swift in Sources */,
				5CABAE652AB1F05A004501A6 /* SettingView.swift in Sources */,
				5CF2959C2AF5FBA100EF7AB9 /* SelectedLectureView.swift in Sources */,
				5CD25D6F2AAA06780037B305 /* UserRepository.swift in Sources */,
				5C849F452AB97A8100FCA4D0 /* UserNumberInputView.swift in Sources */,
				5C81B09B2ACB08D6007E8D34 /* ContentView.swift in Sources */,
				5C45817B2AC326470003B3B6 /* ScannedLecturesViewModel.swift in Sources */,
				5C6C89002AB69C5100F29F77 /* MainUserInfoVIew.swift in Sources */,
				5CE02B1C2AB89662008F5B44 /* UserTypePicker.swift in Sources */,
				5CD3E4112AC5807B0028FC67 /* BeaconsRepository.swift in Sources */,
				5CF295A52AF61A0500EF7AB9 /* GradiantTextView.swift in Sources */,
				5C849F492AB97B9200FCA4D0 /* UserTypeSelectionView.swift in Sources */,
				5CC5C6F02AC474B800DCF499 /* SearchView.swift in Sources */,
				5CF295982AF5FB5800EF7AB9 /* ScannedLectureListRowView.swift in Sources */,
				5C76F0002AA60A970074D803 /* CheckPassApp.swift in Sources */,
				5C0341E82AAB5729004D7E6A /* EmailInputView.swift in Sources */,
				5C849F472AB97AF100FCA4D0 /* UserNameInputView.swift in Sources */,
				5C6729382AAD871F007CA69B /* PasswordInputView.swift in Sources */,
				5CD26E932AADEF0A00409606 /* UserInfoInputView.swift in Sources */,
				5CF2959A2AF5FB7B00EF7AB9 /* ScannedLectureListView.swift in Sources */,
				5C67293A2AAD88E7007CA69B /* PasswordFieldView.swift in Sources */,
				5CF295882AF5FAE600EF7AB9 /* AttendanceViewModel.swift in Sources */,
				5CDCC0092AA6DC90000B59E4 /* User.swift in Sources */,
				5CF295802AF5FA1700EF7AB9 /* FirebaseURL.swift in Sources */,
				5CABAE622AB1EFDD004501A6 /* MainView.swift in Sources */,
				5C4581792AC320DB0003B3B6 /* BeaconService.swift in Sources */,
				5CF295962AF5FB3900EF7AB9 /* FlagView.swift in Sources */,
				5C849F4B2AB9916C00FCA4D0 /* UserDepartmentSelectionView.swift in Sources */,
				5CF62AEB2AC94B51004E13A0 /* LectureRepository.swift in Sources */,
				5C0341E52AAB4B20004D7E6A /* UserViewModel.swift in Sources */,
				5C6EA5512ACC575D00FC4742 /* PasswordConfirmInputStateView.swift in Sources */,
				5C11A6FF2ABFE6400034D4FE /* AttendanceStatusRowView.swift in Sources */,
				5C11D6F32AF773E700E19637 /* LectureViewModel.swift in Sources */,
				5C67293C2AAD8A96007CA69B /* PasswordInputStateView.swift in Sources */,
				5CF295822AF5FA8F00EF7AB9 /* AttendanceRepository.swift in Sources */,
				5CF2959E2AF5FBC400EF7AB9 /* UserAttendanceCarView.swift in Sources */,
				5CDCC0122AA6F48A000B59E4 /* AuthService.swift in Sources */,
				5CC5C6ED2AC473E000DCF499 /* LectureListView.swift in Sources */,
				5CF62AED2AC94C35004E13A0 /* Lecture.swift in Sources */,
				5C11A6FD2ABFE3CC0034D4FE /* AttendanceStatusView.swift in Sources */,
				5C6C89022AB6CDE100F29F77 /* MainAttendanceCardView.swift in Sources */,
			);
			runOnlyForDeploymentPostprocessing = 0;
		};
/* End PBXSourcesBuildPhase section */

/* Begin XCBuildConfiguration section */
		5C76F0082AA60A980074D803 /* Debug */ = {
			isa = XCBuildConfiguration;
			buildSettings = {
				ALWAYS_SEARCH_USER_PATHS = NO;
				CLANG_ANALYZER_NONNULL = YES;
				CLANG_ANALYZER_NUMBER_OBJECT_CONVERSION = YES_AGGRESSIVE;
				CLANG_CXX_LANGUAGE_STANDARD = "gnu++20";
				CLANG_ENABLE_MODULES = YES;
				CLANG_ENABLE_OBJC_ARC = YES;
				CLANG_ENABLE_OBJC_WEAK = YES;
				CLANG_WARN_BLOCK_CAPTURE_AUTORELEASING = YES;
				CLANG_WARN_BOOL_CONVERSION = YES;
				CLANG_WARN_COMMA = YES;
				CLANG_WARN_CONSTANT_CONVERSION = YES;
				CLANG_WARN_DEPRECATED_OBJC_IMPLEMENTATIONS = YES;
				CLANG_WARN_DIRECT_OBJC_ISA_USAGE = YES_ERROR;
				CLANG_WARN_DOCUMENTATION_COMMENTS = YES;
				CLANG_WARN_EMPTY_BODY = YES;
				CLANG_WARN_ENUM_CONVERSION = YES;
				CLANG_WARN_INFINITE_RECURSION = YES;
				CLANG_WARN_INT_CONVERSION = YES;
				CLANG_WARN_NON_LITERAL_NULL_CONVERSION = YES;
				CLANG_WARN_OBJC_IMPLICIT_RETAIN_SELF = YES;
				CLANG_WARN_OBJC_LITERAL_CONVERSION = YES;
				CLANG_WARN_OBJC_ROOT_CLASS = YES_ERROR;
				CLANG_WARN_QUOTED_INCLUDE_IN_FRAMEWORK_HEADER = YES;
				CLANG_WARN_RANGE_LOOP_ANALYSIS = YES;
				CLANG_WARN_STRICT_PROTOTYPES = YES;
				CLANG_WARN_SUSPICIOUS_MOVE = YES;
				CLANG_WARN_UNGUARDED_AVAILABILITY = YES_AGGRESSIVE;
				CLANG_WARN_UNREACHABLE_CODE = YES;
				CLANG_WARN__DUPLICATE_METHOD_MATCH = YES;
				COPY_PHASE_STRIP = NO;
				DEBUG_INFORMATION_FORMAT = dwarf;
				ENABLE_STRICT_OBJC_MSGSEND = YES;
				ENABLE_TESTABILITY = YES;
				GCC_C_LANGUAGE_STANDARD = gnu11;
				GCC_DYNAMIC_NO_PIC = NO;
				GCC_NO_COMMON_BLOCKS = YES;
				GCC_OPTIMIZATION_LEVEL = 0;
				GCC_PREPROCESSOR_DEFINITIONS = (
					"DEBUG=1",
					"$(inherited)",
				);
				GCC_WARN_64_TO_32_BIT_CONVERSION = YES;
				GCC_WARN_ABOUT_RETURN_TYPE = YES_ERROR;
				GCC_WARN_UNDECLARED_SELECTOR = YES;
				GCC_WARN_UNINITIALIZED_AUTOS = YES_AGGRESSIVE;
				GCC_WARN_UNUSED_FUNCTION = YES;
				GCC_WARN_UNUSED_VARIABLE = YES;
				IPHONEOS_DEPLOYMENT_TARGET = 16.4;
				MTL_ENABLE_DEBUG_INFO = INCLUDE_SOURCE;
				MTL_FAST_MATH = YES;
				ONLY_ACTIVE_ARCH = YES;
				SDKROOT = iphoneos;
				SWIFT_ACTIVE_COMPILATION_CONDITIONS = DEBUG;
				SWIFT_OPTIMIZATION_LEVEL = "-Onone";
			};
			name = Debug;
		};
		5C76F0092AA60A980074D803 /* Release */ = {
			isa = XCBuildConfiguration;
			buildSettings = {
				ALWAYS_SEARCH_USER_PATHS = NO;
				CLANG_ANALYZER_NONNULL = YES;
				CLANG_ANALYZER_NUMBER_OBJECT_CONVERSION = YES_AGGRESSIVE;
				CLANG_CXX_LANGUAGE_STANDARD = "gnu++20";
				CLANG_ENABLE_MODULES = YES;
				CLANG_ENABLE_OBJC_ARC = YES;
				CLANG_ENABLE_OBJC_WEAK = YES;
				CLANG_WARN_BLOCK_CAPTURE_AUTORELEASING = YES;
				CLANG_WARN_BOOL_CONVERSION = YES;
				CLANG_WARN_COMMA = YES;
				CLANG_WARN_CONSTANT_CONVERSION = YES;
				CLANG_WARN_DEPRECATED_OBJC_IMPLEMENTATIONS = YES;
				CLANG_WARN_DIRECT_OBJC_ISA_USAGE = YES_ERROR;
				CLANG_WARN_DOCUMENTATION_COMMENTS = YES;
				CLANG_WARN_EMPTY_BODY = YES;
				CLANG_WARN_ENUM_CONVERSION = YES;
				CLANG_WARN_INFINITE_RECURSION = YES;
				CLANG_WARN_INT_CONVERSION = YES;
				CLANG_WARN_NON_LITERAL_NULL_CONVERSION = YES;
				CLANG_WARN_OBJC_IMPLICIT_RETAIN_SELF = YES;
				CLANG_WARN_OBJC_LITERAL_CONVERSION = YES;
				CLANG_WARN_OBJC_ROOT_CLASS = YES_ERROR;
				CLANG_WARN_QUOTED_INCLUDE_IN_FRAMEWORK_HEADER = YES;
				CLANG_WARN_RANGE_LOOP_ANALYSIS = YES;
				CLANG_WARN_STRICT_PROTOTYPES = YES;
				CLANG_WARN_SUSPICIOUS_MOVE = YES;
				CLANG_WARN_UNGUARDED_AVAILABILITY = YES_AGGRESSIVE;
				CLANG_WARN_UNREACHABLE_CODE = YES;
				CLANG_WARN__DUPLICATE_METHOD_MATCH = YES;
				COPY_PHASE_STRIP = NO;
				DEBUG_INFORMATION_FORMAT = "dwarf-with-dsym";
				ENABLE_NS_ASSERTIONS = NO;
				ENABLE_STRICT_OBJC_MSGSEND = YES;
				GCC_C_LANGUAGE_STANDARD = gnu11;
				GCC_NO_COMMON_BLOCKS = YES;
				GCC_WARN_64_TO_32_BIT_CONVERSION = YES;
				GCC_WARN_ABOUT_RETURN_TYPE = YES_ERROR;
				GCC_WARN_UNDECLARED_SELECTOR = YES;
				GCC_WARN_UNINITIALIZED_AUTOS = YES_AGGRESSIVE;
				GCC_WARN_UNUSED_FUNCTION = YES;
				GCC_WARN_UNUSED_VARIABLE = YES;
				IPHONEOS_DEPLOYMENT_TARGET = 16.4;
				MTL_ENABLE_DEBUG_INFO = NO;
				MTL_FAST_MATH = YES;
				SDKROOT = iphoneos;
				SWIFT_COMPILATION_MODE = wholemodule;
				SWIFT_OPTIMIZATION_LEVEL = "-O";
				VALIDATE_PRODUCT = YES;
			};
			name = Release;
		};
		5C76F00B2AA60A980074D803 /* Debug */ = {
			isa = XCBuildConfiguration;
			buildSettings = {
				ASSETCATALOG_COMPILER_APPICON_NAME = AppIcon;
				ASSETCATALOG_COMPILER_GLOBAL_ACCENT_COLOR_NAME = AccentColor;
				CODE_SIGN_STYLE = Automatic;
				CURRENT_PROJECT_VERSION = 1;
				DEVELOPMENT_ASSET_PATHS = "\"CheckPass/Preview Content\"";
				DEVELOPMENT_TEAM = QHK65XFL8U;
				ENABLE_PREVIEWS = YES;
				GENERATE_INFOPLIST_FILE = YES;
				INFOPLIST_FILE = CheckPass/Info.plist;
				INFOPLIST_KEY_NSLocationAlwaysAndWhenInUseUsageDescription = "위치 권한을 허용해주세요.";
				INFOPLIST_KEY_NSLocationWhenInUseUsageDescription = " 위치 권한을 허용해주세요.";
				INFOPLIST_KEY_UIApplicationSceneManifest_Generation = YES;
				INFOPLIST_KEY_UIApplicationSupportsIndirectInputEvents = YES;
				INFOPLIST_KEY_UILaunchScreen_Generation = YES;
				INFOPLIST_KEY_UISupportedInterfaceOrientations_iPad = "UIInterfaceOrientationPortrait UIInterfaceOrientationPortraitUpsideDown UIInterfaceOrientationLandscapeLeft UIInterfaceOrientationLandscapeRight";
				INFOPLIST_KEY_UISupportedInterfaceOrientations_iPhone = "UIInterfaceOrientationPortrait UIInterfaceOrientationLandscapeLeft UIInterfaceOrientationLandscapeRight";
				LD_RUNPATH_SEARCH_PATHS = (
					"$(inherited)",
					"@executable_path/Frameworks",
				);
				MARKETING_VERSION = 1.0;
				PRODUCT_BUNDLE_IDENTIFIER = com.myCompany.CheckPass;
				PRODUCT_NAME = "$(TARGET_NAME)";
				SWIFT_EMIT_LOC_STRINGS = YES;
				SWIFT_VERSION = 5.0;
				TARGETED_DEVICE_FAMILY = "1,2";
			};
			name = Debug;
		};
		5C76F00C2AA60A980074D803 /* Release */ = {
			isa = XCBuildConfiguration;
			buildSettings = {
				ASSETCATALOG_COMPILER_APPICON_NAME = AppIcon;
				ASSETCATALOG_COMPILER_GLOBAL_ACCENT_COLOR_NAME = AccentColor;
				CODE_SIGN_STYLE = Automatic;
				CURRENT_PROJECT_VERSION = 1;
				DEVELOPMENT_ASSET_PATHS = "\"CheckPass/Preview Content\"";
				DEVELOPMENT_TEAM = QHK65XFL8U;
				ENABLE_PREVIEWS = YES;
				GENERATE_INFOPLIST_FILE = YES;
				INFOPLIST_FILE = CheckPass/Info.plist;
				INFOPLIST_KEY_NSLocationAlwaysAndWhenInUseUsageDescription = "위치 권한을 허용해주세요.";
				INFOPLIST_KEY_NSLocationWhenInUseUsageDescription = " 위치 권한을 허용해주세요.";
				INFOPLIST_KEY_UIApplicationSceneManifest_Generation = YES;
				INFOPLIST_KEY_UIApplicationSupportsIndirectInputEvents = YES;
				INFOPLIST_KEY_UILaunchScreen_Generation = YES;
				INFOPLIST_KEY_UISupportedInterfaceOrientations_iPad = "UIInterfaceOrientationPortrait UIInterfaceOrientationPortraitUpsideDown UIInterfaceOrientationLandscapeLeft UIInterfaceOrientationLandscapeRight";
				INFOPLIST_KEY_UISupportedInterfaceOrientations_iPhone = "UIInterfaceOrientationPortrait UIInterfaceOrientationLandscapeLeft UIInterfaceOrientationLandscapeRight";
				LD_RUNPATH_SEARCH_PATHS = (
					"$(inherited)",
					"@executable_path/Frameworks",
				);
				MARKETING_VERSION = 1.0;
				PRODUCT_BUNDLE_IDENTIFIER = com.myCompany.CheckPass;
				PRODUCT_NAME = "$(TARGET_NAME)";
				SWIFT_EMIT_LOC_STRINGS = YES;
				SWIFT_VERSION = 5.0;
				TARGETED_DEVICE_FAMILY = "1,2";
			};
			name = Release;
		};
/* End XCBuildConfiguration section */

/* Begin XCConfigurationList section */
		5C76EFF72AA60A970074D803 /* Build configuration list for PBXProject "CheckPass" */ = {
			isa = XCConfigurationList;
			buildConfigurations = (
				5C76F0082AA60A980074D803 /* Debug */,
				5C76F0092AA60A980074D803 /* Release */,
			);
			defaultConfigurationIsVisible = 0;
			defaultConfigurationName = Release;
		};
		5C76F00A2AA60A980074D803 /* Build configuration list for PBXNativeTarget "CheckPass" */ = {
			isa = XCConfigurationList;
			buildConfigurations = (
				5C76F00B2AA60A980074D803 /* Debug */,
				5C76F00C2AA60A980074D803 /* Release */,
			);
			defaultConfigurationIsVisible = 0;
			defaultConfigurationName = Release;
		};
/* End XCConfigurationList section */

/* Begin XCRemoteSwiftPackageReference section */
		5C76F00F2AA60BA90074D803 /* XCRemoteSwiftPackageReference "firebase-ios-sdk" */ = {
			isa = XCRemoteSwiftPackageReference;
			repositoryURL = "https://github.com/firebase/firebase-ios-sdk";
			requirement = {
				kind = upToNextMajorVersion;
				minimumVersion = 10.0.0;
			};
		};
/* End XCRemoteSwiftPackageReference section */

/* Begin XCSwiftPackageProductDependency section */
		5C76F0102AA60BA90074D803 /* FirebaseAnalytics */ = {
			isa = XCSwiftPackageProductDependency;
			package = 5C76F00F2AA60BA90074D803 /* XCRemoteSwiftPackageReference "firebase-ios-sdk" */;
			productName = FirebaseAnalytics;
		};
		5CD25D702AAA0DAC0037B305 /* FirebaseFirestore */ = {
			isa = XCSwiftPackageProductDependency;
			package = 5C76F00F2AA60BA90074D803 /* XCRemoteSwiftPackageReference "firebase-ios-sdk" */;
			productName = FirebaseFirestore;
		};
		5CDCC00D2AA6F46D000B59E4 /* FirebaseAuth */ = {
			isa = XCSwiftPackageProductDependency;
			package = 5C76F00F2AA60BA90074D803 /* XCRemoteSwiftPackageReference "firebase-ios-sdk" */;
			productName = FirebaseAuth;
		};
		5CDCC00F2AA6F46D000B59E4 /* FirebaseAuthCombine-Community */ = {
			isa = XCSwiftPackageProductDependency;
			package = 5C76F00F2AA60BA90074D803 /* XCRemoteSwiftPackageReference "firebase-ios-sdk" */;
			productName = "FirebaseAuthCombine-Community";
		};
		5CF2959F2AF5FDA300EF7AB9 /* FirebaseDatabase */ = {
			isa = XCSwiftPackageProductDependency;
			package = 5C76F00F2AA60BA90074D803 /* XCRemoteSwiftPackageReference "firebase-ios-sdk" */;
			productName = FirebaseDatabase;
		};
		5CF295A12AF5FDA300EF7AB9 /* FirebaseDatabaseSwift */ = {
			isa = XCSwiftPackageProductDependency;
			package = 5C76F00F2AA60BA90074D803 /* XCRemoteSwiftPackageReference "firebase-ios-sdk" */;
			productName = FirebaseDatabaseSwift;
		};
		5CF62AEE2AC95511004E13A0 /* FirebaseFirestoreSwift */ = {
			isa = XCSwiftPackageProductDependency;
			package = 5C76F00F2AA60BA90074D803 /* XCRemoteSwiftPackageReference "firebase-ios-sdk" */;
			productName = FirebaseFirestoreSwift;
		};
/* End XCSwiftPackageProductDependency section */
	};
	rootObject = 5C76EFF42AA60A970074D803 /* Project object */;
}
