// !$*UTF8*$!
{
	archiveVersion = 1;
	classes = {
	};
	objectVersion = 56;
	objects = {

/* Begin PBXBuildFile section */
		5C76F0002AA60A970074D803 /* CheckPassApp.swift in Sources */ = {isa = PBXBuildFile; fileRef = 5C76EFFF2AA60A970074D803 /* CheckPassApp.swift */; };
		5C76F0022AA60A970074D803 /* ContentView.swift in Sources */ = {isa = PBXBuildFile; fileRef = 5C76F0012AA60A970074D803 /* ContentView.swift */; };
		5C76F0042AA60A980074D803 /* Assets.xcassets in Resources */ = {isa = PBXBuildFile; fileRef = 5C76F0032AA60A980074D803 /* Assets.xcassets */; };
		5C76F0072AA60A980074D803 /* Preview Assets.xcassets in Resources */ = {isa = PBXBuildFile; fileRef = 5C76F0062AA60A980074D803 /* Preview Assets.xcassets */; };
		5C76F00E2AA60B4F0074D803 /* GoogleService-Info.plist in Resources */ = {isa = PBXBuildFile; fileRef = 5C76F00D2AA60B4F0074D803 /* GoogleService-Info.plist */; };
		5C76F0112AA60BA90074D803 /* FirebaseAnalytics in Frameworks */ = {isa = PBXBuildFile; productRef = 5C76F0102AA60BA90074D803 /* FirebaseAnalytics */; };
		5CDCC0092AA6DC90000B59E4 /* User.swift in Sources */ = {isa = PBXBuildFile; fileRef = 5CDCC0082AA6DC90000B59E4 /* User.swift */; };
		5CDCC00B2AA6DD40000B59E4 /* AuthViewModel.swift in Sources */ = {isa = PBXBuildFile; fileRef = 5CDCC00A2AA6DD40000B59E4 /* AuthViewModel.swift */; };
		5CDCC00E2AA6F46D000B59E4 /* FirebaseAuth in Frameworks */ = {isa = PBXBuildFile; productRef = 5CDCC00D2AA6F46D000B59E4 /* FirebaseAuth */; };
		5CDCC0102AA6F46D000B59E4 /* FirebaseAuthCombine-Community in Frameworks */ = {isa = PBXBuildFile; productRef = 5CDCC00F2AA6F46D000B59E4 /* FirebaseAuthCombine-Community */; };
		5CDCC0122AA6F48A000B59E4 /* AuthService.swift in Sources */ = {isa = PBXBuildFile; fileRef = 5CDCC0112AA6F48A000B59E4 /* AuthService.swift */; };
		5CDCC0142AA6F929000B59E4 /* SignInView.swift in Sources */ = {isa = PBXBuildFile; fileRef = 5CDCC0132AA6F929000B59E4 /* SignInView.swift */; };
		5CDCC0172AA6FF26000B59E4 /* MainView.swift in Sources */ = {isa = PBXBuildFile; fileRef = 5CDCC0162AA6FF26000B59E4 /* MainView.swift */; };
/* End PBXBuildFile section */

/* Begin PBXFileReference section */
		5C76EFFC2AA60A970074D803 /* CheckPass.app */ = {isa = PBXFileReference; explicitFileType = wrapper.application; includeInIndex = 0; path = CheckPass.app; sourceTree = BUILT_PRODUCTS_DIR; };
		5C76EFFF2AA60A970074D803 /* CheckPassApp.swift */ = {isa = PBXFileReference; lastKnownFileType = sourcecode.swift; path = CheckPassApp.swift; sourceTree = "<group>"; };
		5C76F0012AA60A970074D803 /* ContentView.swift */ = {isa = PBXFileReference; lastKnownFileType = sourcecode.swift; path = ContentView.swift; sourceTree = "<group>"; };
		5C76F0032AA60A980074D803 /* Assets.xcassets */ = {isa = PBXFileReference; lastKnownFileType = folder.assetcatalog; path = Assets.xcassets; sourceTree = "<group>"; };
		5C76F0062AA60A980074D803 /* Preview Assets.xcassets */ = {isa = PBXFileReference; lastKnownFileType = folder.assetcatalog; path = "Preview Assets.xcassets"; sourceTree = "<group>"; };
		5C76F00D2AA60B4F0074D803 /* GoogleService-Info.plist */ = {isa = PBXFileReference; fileEncoding = 4; lastKnownFileType = text.plist.xml; name = "GoogleService-Info.plist"; path = "../../../../../Downloads/GoogleService-Info.plist"; sourceTree = "<group>"; };
		5CDCC0082AA6DC90000B59E4 /* User.swift */ = {isa = PBXFileReference; lastKnownFileType = sourcecode.swift; path = User.swift; sourceTree = "<group>"; };
		5CDCC00A2AA6DD40000B59E4 /* AuthViewModel.swift */ = {isa = PBXFileReference; lastKnownFileType = sourcecode.swift; path = AuthViewModel.swift; sourceTree = "<group>"; };
		5CDCC0112AA6F48A000B59E4 /* AuthService.swift */ = {isa = PBXFileReference; lastKnownFileType = sourcecode.swift; path = AuthService.swift; sourceTree = "<group>"; };
		5CDCC0132AA6F929000B59E4 /* SignInView.swift */ = {isa = PBXFileReference; lastKnownFileType = sourcecode.swift; path = SignInView.swift; sourceTree = "<group>"; };
		5CDCC0162AA6FF26000B59E4 /* MainView.swift */ = {isa = PBXFileReference; lastKnownFileType = sourcecode.swift; path = MainView.swift; sourceTree = "<group>"; };
/* End PBXFileReference section */

/* Begin PBXFrameworksBuildPhase section */
		5C76EFF92AA60A970074D803 /* Frameworks */ = {
			isa = PBXFrameworksBuildPhase;
			buildActionMask = 2147483647;
			files = (
				5C76F0112AA60BA90074D803 /* FirebaseAnalytics in Frameworks */,
				5CDCC0102AA6F46D000B59E4 /* FirebaseAuthCombine-Community in Frameworks */,
				5CDCC00E2AA6F46D000B59E4 /* FirebaseAuth in Frameworks */,
			);
			runOnlyForDeploymentPostprocessing = 0;
		};
/* End PBXFrameworksBuildPhase section */

/* Begin PBXGroup section */
		5C76EFF32AA60A970074D803 = {
			isa = PBXGroup;
			children = (
				5C76EFFE2AA60A970074D803 /* CheckPass */,
				5C76EFFD2AA60A970074D803 /* Products */,
				5CDCC00C2AA6F46D000B59E4 /* Frameworks */,
			);
			sourceTree = "<group>";
		};
		5C76EFFD2AA60A970074D803 /* Products */ = {
			isa = PBXGroup;
			children = (
				5C76EFFC2AA60A970074D803 /* CheckPass.app */,
			);
			name = Products;
			sourceTree = "<group>";
		};
		5C76EFFE2AA60A970074D803 /* CheckPass */ = {
			isa = PBXGroup;
			children = (
				5CDCC0072AA6DC83000B59E4 /* Data */,
				5CDCC0062AA6DC7D000B59E4 /* Model */,
				5CDCC0052AA6DC77000B59E4 /* ViewModel */,
				5CDCC0042AA6DC6C000B59E4 /* View */,
				5C76EFFF2AA60A970074D803 /* CheckPassApp.swift */,
				5C76F0012AA60A970074D803 /* ContentView.swift */,
				5C76F0032AA60A980074D803 /* Assets.xcassets */,
				5C76F00D2AA60B4F0074D803 /* GoogleService-Info.plist */,
				5C76F0052AA60A980074D803 /* Preview Content */,
			);
			path = CheckPass;
			sourceTree = "<group>";
		};
		5C76F0052AA60A980074D803 /* Preview Content */ = {
			isa = PBXGroup;
			children = (
				5C76F0062AA60A980074D803 /* Preview Assets.xcassets */,
			);
			path = "Preview Content";
			sourceTree = "<group>";
		};
		5C819FF12AA730BA001A5730 /* SignInView */ = {
			isa = PBXGroup;
			children = (
				5CDCC0132AA6F929000B59E4 /* SignInView.swift */,
			);
			path = SignInView;
			sourceTree = "<group>";
		};
		5CDCC0042AA6DC6C000B59E4 /* View */ = {
			isa = PBXGroup;
			children = (
				5C819FF12AA730BA001A5730 /* SignInView */,
				5CDCC0152AA6FF17000B59E4 /* MainView */,
			);
			path = View;
			sourceTree = "<group>";
		};
		5CDCC0052AA6DC77000B59E4 /* ViewModel */ = {
			isa = PBXGroup;
			children = (
				5CDCC00A2AA6DD40000B59E4 /* AuthViewModel.swift */,
				5CDCC0112AA6F48A000B59E4 /* AuthService.swift */,
			);
			path = ViewModel;
			sourceTree = "<group>";
		};
		5CDCC0062AA6DC7D000B59E4 /* Model */ = {
			isa = PBXGroup;
			children = (
			);
			path = Model;
			sourceTree = "<group>";
		};
		5CDCC0072AA6DC83000B59E4 /* Data */ = {
			isa = PBXGroup;
			children = (
				5CDCC0082AA6DC90000B59E4 /* User.swift */,
			);
			path = Data;
			sourceTree = "<group>";
		};
		5CDCC00C2AA6F46D000B59E4 /* Frameworks */ = {
			isa = PBXGroup;
			children = (
			);
			name = Frameworks;
			sourceTree = "<group>";
		};
		5CDCC0152AA6FF17000B59E4 /* MainView */ = {
			isa = PBXGroup;
			children = (
				5CDCC0162AA6FF26000B59E4 /* MainView.swift */,
			);
			path = MainView;
			sourceTree = "<group>";
		};
/* End PBXGroup section */

/* Begin PBXNativeTarget section */
		5C76EFFB2AA60A970074D803 /* CheckPass */ = {
			isa = PBXNativeTarget;
			buildConfigurationList = 5C76F00A2AA60A980074D803 /* Build configuration list for PBXNativeTarget "CheckPass" */;
			buildPhases = (
				5C76EFF82AA60A970074D803 /* Sources */,
				5C76EFF92AA60A970074D803 /* Frameworks */,
				5C76EFFA2AA60A970074D803 /* Resources */,
			);
			buildRules = (
			);
			dependencies = (
			);
			name = CheckPass;
			packageProductDependencies = (
				5C76F0102AA60BA90074D803 /* FirebaseAnalytics */,
				5CDCC00D2AA6F46D000B59E4 /* FirebaseAuth */,
				5CDCC00F2AA6F46D000B59E4 /* FirebaseAuthCombine-Community */,
			);
			productName = CheckPass;
			productReference = 5C76EFFC2AA60A970074D803 /* CheckPass.app */;
			productType = "com.apple.product-type.application";
		};
/* End PBXNativeTarget section */

/* Begin PBXProject section */
		5C76EFF42AA60A970074D803 /* Project object */ = {
			isa = PBXProject;
			attributes = {
				BuildIndependentTargetsInParallel = 1;
				LastSwiftUpdateCheck = 1430;
				LastUpgradeCheck = 1430;
				TargetAttributes = {
					5C76EFFB2AA60A970074D803 = {
						CreatedOnToolsVersion = 14.3.1;
					};
				};
			};
			buildConfigurationList = 5C76EFF72AA60A970074D803 /* Build configuration list for PBXProject "CheckPass" */;
			compatibilityVersion = "Xcode 14.0";
			developmentRegion = en;
			hasScannedForEncodings = 0;
			knownRegions = (
				en,
				Base,
			);
			mainGroup = 5C76EFF32AA60A970074D803;
			packageReferences = (
				5C76F00F2AA60BA90074D803 /* XCRemoteSwiftPackageReference "firebase-ios-sdk" */,
			);
			productRefGroup = 5C76EFFD2AA60A970074D803 /* Products */;
			projectDirPath = "";
			projectRoot = "";
			targets = (
				5C76EFFB2AA60A970074D803 /* CheckPass */,
			);
		};
/* End PBXProject section */

/* Begin PBXResourcesBuildPhase section */
		5C76EFFA2AA60A970074D803 /* Resources */ = {
			isa = PBXResourcesBuildPhase;
			buildActionMask = 2147483647;
			files = (
				5C76F0072AA60A980074D803 /* Preview Assets.xcassets in Resources */,
				5C76F0042AA60A980074D803 /* Assets.xcassets in Resources */,
				5C76F00E2AA60B4F0074D803 /* GoogleService-Info.plist in Resources */,
			);
			runOnlyForDeploymentPostprocessing = 0;
		};
/* End PBXResourcesBuildPhase section */

/* Begin PBXSourcesBuildPhase section */
		5C76EFF82AA60A970074D803 /* Sources */ = {
			isa = PBXSourcesBuildPhase;
			buildActionMask = 2147483647;
			files = (
				5CDCC0142AA6F929000B59E4 /* SignInView.swift in Sources */,
				5CDCC0172AA6FF26000B59E4 /* MainView.swift in Sources */,
				5CDCC00B2AA6DD40000B59E4 /* AuthViewModel.swift in Sources */,
				5C76F0022AA60A970074D803 /* ContentView.swift in Sources */,
				5C76F0002AA60A970074D803 /* CheckPassApp.swift in Sources */,
				5CDCC0092AA6DC90000B59E4 /* User.swift in Sources */,
				5CDCC0122AA6F48A000B59E4 /* AuthService.swift in Sources */,
			);
			runOnlyForDeploymentPostprocessing = 0;
		};
/* End PBXSourcesBuildPhase section */

/* Begin XCBuildConfiguration section */
		5C76F0082AA60A980074D803 /* Debug */ = {
			isa = XCBuildConfiguration;
			buildSettings = {
				ALWAYS_SEARCH_USER_PATHS = NO;
				CLANG_ANALYZER_NONNULL = YES;
				CLANG_ANALYZER_NUMBER_OBJECT_CONVERSION = YES_AGGRESSIVE;
				CLANG_CXX_LANGUAGE_STANDARD = "gnu++20";
				CLANG_ENABLE_MODULES = YES;
				CLANG_ENABLE_OBJC_ARC = YES;
				CLANG_ENABLE_OBJC_WEAK = YES;
				CLANG_WARN_BLOCK_CAPTURE_AUTORELEASING = YES;
				CLANG_WARN_BOOL_CONVERSION = YES;
				CLANG_WARN_COMMA = YES;
				CLANG_WARN_CONSTANT_CONVERSION = YES;
				CLANG_WARN_DEPRECATED_OBJC_IMPLEMENTATIONS = YES;
				CLANG_WARN_DIRECT_OBJC_ISA_USAGE = YES_ERROR;
				CLANG_WARN_DOCUMENTATION_COMMENTS = YES;
				CLANG_WARN_EMPTY_BODY = YES;
				CLANG_WARN_ENUM_CONVERSION = YES;
				CLANG_WARN_INFINITE_RECURSION = YES;
				CLANG_WARN_INT_CONVERSION = YES;
				CLANG_WARN_NON_LITERAL_NULL_CONVERSION = YES;
				CLANG_WARN_OBJC_IMPLICIT_RETAIN_SELF = YES;
				CLANG_WARN_OBJC_LITERAL_CONVERSION = YES;
				CLANG_WARN_OBJC_ROOT_CLASS = YES_ERROR;
				CLANG_WARN_QUOTED_INCLUDE_IN_FRAMEWORK_HEADER = YES;
				CLANG_WARN_RANGE_LOOP_ANALYSIS = YES;
				CLANG_WARN_STRICT_PROTOTYPES = YES;
				CLANG_WARN_SUSPICIOUS_MOVE = YES;
				CLANG_WARN_UNGUARDED_AVAILABILITY = YES_AGGRESSIVE;
				CLANG_WARN_UNREACHABLE_CODE = YES;
				CLANG_WARN__DUPLICATE_METHOD_MATCH = YES;
				COPY_PHASE_STRIP = NO;
				DEBUG_INFORMATION_FORMAT = dwarf;
				ENABLE_STRICT_OBJC_MSGSEND = YES;
				ENABLE_TESTABILITY = YES;
				GCC_C_LANGUAGE_STANDARD = gnu11;
				GCC_DYNAMIC_NO_PIC = NO;
				GCC_NO_COMMON_BLOCKS = YES;
				GCC_OPTIMIZATION_LEVEL = 0;
				GCC_PREPROCESSOR_DEFINITIONS = (
					"DEBUG=1",
					"$(inherited)",
				);
				GCC_WARN_64_TO_32_BIT_CONVERSION = YES;
				GCC_WARN_ABOUT_RETURN_TYPE = YES_ERROR;
				GCC_WARN_UNDECLARED_SELECTOR = YES;
				GCC_WARN_UNINITIALIZED_AUTOS = YES_AGGRESSIVE;
				GCC_WARN_UNUSED_FUNCTION = YES;
				GCC_WARN_UNUSED_VARIABLE = YES;
				IPHONEOS_DEPLOYMENT_TARGET = 16.4;
				MTL_ENABLE_DEBUG_INFO = INCLUDE_SOURCE;
				MTL_FAST_MATH = YES;
				ONLY_ACTIVE_ARCH = YES;
				SDKROOT = iphoneos;
				SWIFT_ACTIVE_COMPILATION_CONDITIONS = DEBUG;
				SWIFT_OPTIMIZATION_LEVEL = "-Onone";
			};
			name = Debug;
		};
		5C76F0092AA60A980074D803 /* Release */ = {
			isa = XCBuildConfiguration;
			buildSettings = {
				ALWAYS_SEARCH_USER_PATHS = NO;
				CLANG_ANALYZER_NONNULL = YES;
				CLANG_ANALYZER_NUMBER_OBJECT_CONVERSION = YES_AGGRESSIVE;
				CLANG_CXX_LANGUAGE_STANDARD = "gnu++20";
				CLANG_ENABLE_MODULES = YES;
				CLANG_ENABLE_OBJC_ARC = YES;
				CLANG_ENABLE_OBJC_WEAK = YES;
				CLANG_WARN_BLOCK_CAPTURE_AUTORELEASING = YES;
				CLANG_WARN_BOOL_CONVERSION = YES;
				CLANG_WARN_COMMA = YES;
				CLANG_WARN_CONSTANT_CONVERSION = YES;
				CLANG_WARN_DEPRECATED_OBJC_IMPLEMENTATIONS = YES;
				CLANG_WARN_DIRECT_OBJC_ISA_USAGE = YES_ERROR;
				CLANG_WARN_DOCUMENTATION_COMMENTS = YES;
				CLANG_WARN_EMPTY_BODY = YES;
				CLANG_WARN_ENUM_CONVERSION = YES;
				CLANG_WARN_INFINITE_RECURSION = YES;
				CLANG_WARN_INT_CONVERSION = YES;
				CLANG_WARN_NON_LITERAL_NULL_CONVERSION = YES;
				CLANG_WARN_OBJC_IMPLICIT_RETAIN_SELF = YES;
				CLANG_WARN_OBJC_LITERAL_CONVERSION = YES;
				CLANG_WARN_OBJC_ROOT_CLASS = YES_ERROR;
				CLANG_WARN_QUOTED_INCLUDE_IN_FRAMEWORK_HEADER = YES;
				CLANG_WARN_RANGE_LOOP_ANALYSIS = YES;
				CLANG_WARN_STRICT_PROTOTYPES = YES;
				CLANG_WARN_SUSPICIOUS_MOVE = YES;
				CLANG_WARN_UNGUARDED_AVAILABILITY = YES_AGGRESSIVE;
				CLANG_WARN_UNREACHABLE_CODE = YES;
				CLANG_WARN__DUPLICATE_METHOD_MATCH = YES;
				COPY_PHASE_STRIP = NO;
				DEBUG_INFORMATION_FORMAT = "dwarf-with-dsym";
				ENABLE_NS_ASSERTIONS = NO;
				ENABLE_STRICT_OBJC_MSGSEND = YES;
				GCC_C_LANGUAGE_STANDARD = gnu11;
				GCC_NO_COMMON_BLOCKS = YES;
				GCC_WARN_64_TO_32_BIT_CONVERSION = YES;
				GCC_WARN_ABOUT_RETURN_TYPE = YES_ERROR;
				GCC_WARN_UNDECLARED_SELECTOR = YES;
				GCC_WARN_UNINITIALIZED_AUTOS = YES_AGGRESSIVE;
				GCC_WARN_UNUSED_FUNCTION = YES;
				GCC_WARN_UNUSED_VARIABLE = YES;
				IPHONEOS_DEPLOYMENT_TARGET = 16.4;
				MTL_ENABLE_DEBUG_INFO = NO;
				MTL_FAST_MATH = YES;
				SDKROOT = iphoneos;
				SWIFT_COMPILATION_MODE = wholemodule;
				SWIFT_OPTIMIZATION_LEVEL = "-O";
				VALIDATE_PRODUCT = YES;
			};
			name = Release;
		};
		5C76F00B2AA60A980074D803 /* Debug */ = {
			isa = XCBuildConfiguration;
			buildSettings = {
				ASSETCATALOG_COMPILER_APPICON_NAME = AppIcon;
				ASSETCATALOG_COMPILER_GLOBAL_ACCENT_COLOR_NAME = AccentColor;
				CODE_SIGN_STYLE = Automatic;
				CURRENT_PROJECT_VERSION = 1;
				DEVELOPMENT_ASSET_PATHS = "\"CheckPass/Preview Content\"";
				DEVELOPMENT_TEAM = QHK65XFL8U;
				ENABLE_PREVIEWS = YES;
				GENERATE_INFOPLIST_FILE = YES;
				INFOPLIST_KEY_UIApplicationSceneManifest_Generation = YES;
				INFOPLIST_KEY_UIApplicationSupportsIndirectInputEvents = YES;
				INFOPLIST_KEY_UILaunchScreen_Generation = YES;
				INFOPLIST_KEY_UISupportedInterfaceOrientations_iPad = "UIInterfaceOrientationPortrait UIInterfaceOrientationPortraitUpsideDown UIInterfaceOrientationLandscapeLeft UIInterfaceOrientationLandscapeRight";
				INFOPLIST_KEY_UISupportedInterfaceOrientations_iPhone = "UIInterfaceOrientationPortrait UIInterfaceOrientationLandscapeLeft UIInterfaceOrientationLandscapeRight";
				LD_RUNPATH_SEARCH_PATHS = (
					"$(inherited)",
					"@executable_path/Frameworks",
				);
				MARKETING_VERSION = 1.0;
				PRODUCT_BUNDLE_IDENTIFIER = com.myCompany.CheckPass;
				PRODUCT_NAME = "$(TARGET_NAME)";
				SWIFT_EMIT_LOC_STRINGS = YES;
				SWIFT_VERSION = 5.0;
				TARGETED_DEVICE_FAMILY = "1,2";
			};
			name = Debug;
		};
		5C76F00C2AA60A980074D803 /* Release */ = {
			isa = XCBuildConfiguration;
			buildSettings = {
				ASSETCATALOG_COMPILER_APPICON_NAME = AppIcon;
				ASSETCATALOG_COMPILER_GLOBAL_ACCENT_COLOR_NAME = AccentColor;
				CODE_SIGN_STYLE = Automatic;
				CURRENT_PROJECT_VERSION = 1;
				DEVELOPMENT_ASSET_PATHS = "\"CheckPass/Preview Content\"";
				DEVELOPMENT_TEAM = QHK65XFL8U;
				ENABLE_PREVIEWS = YES;
				GENERATE_INFOPLIST_FILE = YES;
				INFOPLIST_KEY_UIApplicationSceneManifest_Generation = YES;
				INFOPLIST_KEY_UIApplicationSupportsIndirectInputEvents = YES;
				INFOPLIST_KEY_UILaunchScreen_Generation = YES;
				INFOPLIST_KEY_UISupportedInterfaceOrientations_iPad = "UIInterfaceOrientationPortrait UIInterfaceOrientationPortraitUpsideDown UIInterfaceOrientationLandscapeLeft UIInterfaceOrientationLandscapeRight";
				INFOPLIST_KEY_UISupportedInterfaceOrientations_iPhone = "UIInterfaceOrientationPortrait UIInterfaceOrientationLandscapeLeft UIInterfaceOrientationLandscapeRight";
				LD_RUNPATH_SEARCH_PATHS = (
					"$(inherited)",
					"@executable_path/Frameworks",
				);
				MARKETING_VERSION = 1.0;
				PRODUCT_BUNDLE_IDENTIFIER = com.myCompany.CheckPass;
				PRODUCT_NAME = "$(TARGET_NAME)";
				SWIFT_EMIT_LOC_STRINGS = YES;
				SWIFT_VERSION = 5.0;
				TARGETED_DEVICE_FAMILY = "1,2";
			};
			name = Release;
		};
/* End XCBuildConfiguration section */

/* Begin XCConfigurationList section */
		5C76EFF72AA60A970074D803 /* Build configuration list for PBXProject "CheckPass" */ = {
			isa = XCConfigurationList;
			buildConfigurations = (
				5C76F0082AA60A980074D803 /* Debug */,
				5C76F0092AA60A980074D803 /* Release */,
			);
			defaultConfigurationIsVisible = 0;
			defaultConfigurationName = Release;
		};
		5C76F00A2AA60A980074D803 /* Build configuration list for PBXNativeTarget "CheckPass" */ = {
			isa = XCConfigurationList;
			buildConfigurations = (
				5C76F00B2AA60A980074D803 /* Debug */,
				5C76F00C2AA60A980074D803 /* Release */,
			);
			defaultConfigurationIsVisible = 0;
			defaultConfigurationName = Release;
		};
/* End XCConfigurationList section */

/* Begin XCRemoteSwiftPackageReference section */
		5C76F00F2AA60BA90074D803 /* XCRemoteSwiftPackageReference "firebase-ios-sdk" */ = {
			isa = XCRemoteSwiftPackageReference;
			repositoryURL = "https://github.com/firebase/firebase-ios-sdk";
			requirement = {
				kind = upToNextMajorVersion;
				minimumVersion = 10.0.0;
			};
		};
/* End XCRemoteSwiftPackageReference section */

/* Begin XCSwiftPackageProductDependency section */
		5C76F0102AA60BA90074D803 /* FirebaseAnalytics */ = {
			isa = XCSwiftPackageProductDependency;
			package = 5C76F00F2AA60BA90074D803 /* XCRemoteSwiftPackageReference "firebase-ios-sdk" */;
			productName = FirebaseAnalytics;
		};
		5CDCC00D2AA6F46D000B59E4 /* FirebaseAuth */ = {
			isa = XCSwiftPackageProductDependency;
			package = 5C76F00F2AA60BA90074D803 /* XCRemoteSwiftPackageReference "firebase-ios-sdk" */;
			productName = FirebaseAuth;
		};
		5CDCC00F2AA6F46D000B59E4 /* FirebaseAuthCombine-Community */ = {
			isa = XCSwiftPackageProductDependency;
			package = 5C76F00F2AA60BA90074D803 /* XCRemoteSwiftPackageReference "firebase-ios-sdk" */;
			productName = "FirebaseAuthCombine-Community";
		};
/* End XCSwiftPackageProductDependency section */
	};
	rootObject = 5C76EFF42AA60A970074D803 /* Project object */;
}
